
Microsoft Visual Studio Solution File, Format Version 12.00
# Visual Studio Version 17
VisualStudioVersion = 17.13.35931.197 d17.13
MinimumVisualStudioVersion = 10.0.40219.1
Project("{8BC9CEB8-8B4A-11D0-8D11-00A0C91BC942}") = "SFML_PROJECT", "SFML_PROJECT.vcxproj", "{29DA2B67-7AAF-418D-AE6D-CBA8C5ACBA3A}"
EndProject
Global
	GlobalSection(SolutionConfigurationPlatforms) = preSolution
		Debug|x64 = Debug|x64
		Debug|x86 = Debug|x86
		Release|x64 = Release|x64
		Release|x86 = Release|x86
	EndGlobalSection
	GlobalSection(ProjectConfigurationPlatforms) = postSolution
		{29DA2B67-7AAF-418D-AE6D-CBA8C5ACBA3A}.Debug|x64.ActiveCfg = Debug|x64
		{29DA2B67-7AAF-418D-AE6D-CBA8C5ACBA3A}.Debug|x64.Build.0 = Debug|x64
		{29DA2B67-7AAF-418D-AE6D-CBA8C5ACBA3A}.Debug|x86.ActiveCfg = Debug|Win32
		{29DA2B67-7AAF-418D-AE6D-CBA8C5ACBA3A}.Debug|x86.Build.0 = Debug|Win32
		{29DA2B67-7AAF-418D-AE6D-CBA8C5ACBA3A}.Release|x64.ActiveCfg = Release|x64
		{29DA2B67-7AAF-418D-AE6D-CBA8C5ACBA3A}.Release|x64.Build.0 = Release|x64
		{29DA2B67-7AAF-418D-AE6D-CBA8C5ACBA3A}.Release|x86.ActiveCfg = Release|Win32
		{29DA2B67-7AAF-418D-AE6D-CBA8C5ACBA3A}.Release|x86.Build.0 = Release|Win32
	EndGlobalSection
	GlobalSection(SolutionProperties) = preSolution
		HideSolutionNode = FALSE
	EndGlobalSection
	GlobalSection(ExtensibilityGlobals) = postSolution
		SolutionGuid = {644CAF34-CF88-4A6D-97D3-A2429F50B997}
	EndGlobalSection
EndGlobal
